// !$*UTF8*$!
{
	archiveVersion = 1;
	classes = {
	};
	objectVersion = 50;
	objects = {

/* Begin PBXBuildFile section */
		AC0CCDEF22121FAB00670BB1 /* AppDelegate.swift in Sources */ = {isa = PBXBuildFile; fileRef = AC0CCDEE22121FAB00670BB1 /* AppDelegate.swift */; };
		AC0CCDF122121FAB00670BB1 /* MovieViewController.swift in Sources */ = {isa = PBXBuildFile; fileRef = AC0CCDF022121FAB00670BB1 /* MovieViewController.swift */; };
		AC0CCDF422121FAB00670BB1 /* Main.storyboard in Resources */ = {isa = PBXBuildFile; fileRef = AC0CCDF222121FAB00670BB1 /* Main.storyboard */; };
		AC0CCDF622121FAC00670BB1 /* Assets.xcassets in Resources */ = {isa = PBXBuildFile; fileRef = AC0CCDF522121FAC00670BB1 /* Assets.xcassets */; };
		AC0CCDF922121FAC00670BB1 /* LaunchScreen.storyboard in Resources */ = {isa = PBXBuildFile; fileRef = AC0CCDF722121FAC00670BB1 /* LaunchScreen.storyboard */; };
		AC4151602214C4C600E0D007 /* movies.json in Resources */ = {isa = PBXBuildFile; fileRef = AC41515F2214C4C600E0D007 /* movies.json */; };
		AC4151622214DB1700E0D007 /* Movie.swift in Sources */ = {isa = PBXBuildFile; fileRef = AC4151612214DB1700E0D007 /* Movie.swift */; };
		AC4BABC422276006004435F7 /* API.swift in Sources */ = {isa = PBXBuildFile; fileRef = AC4BABC322276006004435F7 /* API.swift */; };
		AC4BABC622276CB9004435F7 /* MapViewController.swift in Sources */ = {isa = PBXBuildFile; fileRef = AC4BABC522276CB9004435F7 /* MapViewController.swift */; };
		ACB90E7D2214E8BF00FF7EB4 /* MoviesTableViewController.swift in Sources */ = {isa = PBXBuildFile; fileRef = ACB90E7C2214E8BF00FF7EB4 /* MoviesTableViewController.swift */; };
		ACB90E7F2214F65700FF7EB4 /* MovieTableViewCell.swift in Sources */ = {isa = PBXBuildFile; fileRef = ACB90E7E2214F65700FF7EB4 /* MovieTableViewCell.swift */; };
		ACC4260E221B84BB001371F3 /* MoviesLib.xcdatamodeld in Sources */ = {isa = PBXBuildFile; fileRef = ACC4260C221B84BB001371F3 /* MoviesLib.xcdatamodeld */; };
		ACC42610221B8B63001371F3 /* UIViewController+CoreData.swift in Sources */ = {isa = PBXBuildFile; fileRef = ACC4260F221B8B63001371F3 /* UIViewController+CoreData.swift */; };
		ACC42612221B8EB2001371F3 /* MovieRegisterViewController.swift in Sources */ = {isa = PBXBuildFile; fileRef = ACC42611221B8EB2001371F3 /* MovieRegisterViewController.swift */; };
/* End PBXBuildFile section */

/* Begin PBXFileReference section */
		AC0CCDEB22121FAB00670BB1 /* MoviesLib.app */ = {isa = PBXFileReference; explicitFileType = wrapper.application; includeInIndex = 0; path = MoviesLib.app; sourceTree = BUILT_PRODUCTS_DIR; };
		AC0CCDEE22121FAB00670BB1 /* AppDelegate.swift */ = {isa = PBXFileReference; lastKnownFileType = sourcecode.swift; path = AppDelegate.swift; sourceTree = "<group>"; };
		AC0CCDF022121FAB00670BB1 /* MovieViewController.swift */ = {isa = PBXFileReference; lastKnownFileType = sourcecode.swift; path = MovieViewController.swift; sourceTree = "<group>"; };
		AC0CCDF322121FAB00670BB1 /* Base */ = {isa = PBXFileReference; lastKnownFileType = file.storyboard; name = Base; path = Base.lproj/Main.storyboard; sourceTree = "<group>"; };
		AC0CCDF522121FAC00670BB1 /* Assets.xcassets */ = {isa = PBXFileReference; lastKnownFileType = folder.assetcatalog; path = Assets.xcassets; sourceTree = "<group>"; };
		AC0CCDF822121FAC00670BB1 /* Base */ = {isa = PBXFileReference; lastKnownFileType = file.storyboard; name = Base; path = Base.lproj/LaunchScreen.storyboard; sourceTree = "<group>"; };
		AC0CCDFA22121FAC00670BB1 /* Info.plist */ = {isa = PBXFileReference; lastKnownFileType = text.plist.xml; path = Info.plist; sourceTree = "<group>"; };
		AC41515F2214C4C600E0D007 /* movies.json */ = {isa = PBXFileReference; fileEncoding = 4; lastKnownFileType = text.json; path = movies.json; sourceTree = "<group>"; };
		AC4151612214DB1700E0D007 /* Movie.swift */ = {isa = PBXFileReference; lastKnownFileType = sourcecode.swift; path = Movie.swift; sourceTree = "<group>"; };
		AC4BABC322276006004435F7 /* API.swift */ = {isa = PBXFileReference; lastKnownFileType = sourcecode.swift; path = API.swift; sourceTree = "<group>"; };
		AC4BABC522276CB9004435F7 /* MapViewController.swift */ = {isa = PBXFileReference; lastKnownFileType = sourcecode.swift; path = MapViewController.swift; sourceTree = "<group>"; };
		ACB90E7C2214E8BF00FF7EB4 /* MoviesTableViewController.swift */ = {isa = PBXFileReference; lastKnownFileType = sourcecode.swift; path = MoviesTableViewController.swift; sourceTree = "<group>"; };
		ACB90E7E2214F65700FF7EB4 /* MovieTableViewCell.swift */ = {isa = PBXFileReference; lastKnownFileType = sourcecode.swift; path = MovieTableViewCell.swift; sourceTree = "<group>"; };
		ACC4260D221B84BB001371F3 /* MoviesLib.xcdatamodel */ = {isa = PBXFileReference; lastKnownFileType = wrapper.xcdatamodel; path = MoviesLib.xcdatamodel; sourceTree = "<group>"; };
		ACC4260F221B8B63001371F3 /* UIViewController+CoreData.swift */ = {isa = PBXFileReference; lastKnownFileType = sourcecode.swift; path = "UIViewController+CoreData.swift"; sourceTree = "<group>"; };
		ACC42611221B8EB2001371F3 /* MovieRegisterViewController.swift */ = {isa = PBXFileReference; lastKnownFileType = sourcecode.swift; path = MovieRegisterViewController.swift; sourceTree = "<group>"; };
/* End PBXFileReference section */

/* Begin PBXFrameworksBuildPhase section */
		AC0CCDE822121FAB00670BB1 /* Frameworks */ = {
			isa = PBXFrameworksBuildPhase;
			buildActionMask = 2147483647;
			files = (
			);
			runOnlyForDeploymentPostprocessing = 0;
		};
/* End PBXFrameworksBuildPhase section */

/* Begin PBXGroup section */
		AC0CCDE222121FAB00670BB1 = {
			isa = PBXGroup;
			children = (
				AC0CCDED22121FAB00670BB1 /* MoviesLib */,
				AC0CCDEC22121FAB00670BB1 /* Products */,
			);
			sourceTree = "<group>";
		};
		AC0CCDEC22121FAB00670BB1 /* Products */ = {
			isa = PBXGroup;
			children = (
				AC0CCDEB22121FAB00670BB1 /* MoviesLib.app */,
			);
			name = Products;
			sourceTree = "<group>";
		};
		AC0CCDED22121FAB00670BB1 /* MoviesLib */ = {
			isa = PBXGroup;
			children = (
				AC41515F2214C4C600E0D007 /* movies.json */,
				AC4151612214DB1700E0D007 /* Movie.swift */,
				AC0CCDEE22121FAB00670BB1 /* AppDelegate.swift */,
				ACC4260C221B84BB001371F3 /* MoviesLib.xcdatamodeld */,
				AC0CCDF022121FAB00670BB1 /* MovieViewController.swift */,
				AC0CCDF222121FAB00670BB1 /* Main.storyboard */,
				ACC42611221B8EB2001371F3 /* MovieRegisterViewController.swift */,
				ACB90E7C2214E8BF00FF7EB4 /* MoviesTableViewController.swift */,
				AC0CCDF522121FAC00670BB1 /* Assets.xcassets */,
				AC0CCDF722121FAC00670BB1 /* LaunchScreen.storyboard */,
				AC0CCDFA22121FAC00670BB1 /* Info.plist */,
				ACB90E7E2214F65700FF7EB4 /* MovieTableViewCell.swift */,
				ACC4260F221B8B63001371F3 /* UIViewController+CoreData.swift */,
				AC4BABC322276006004435F7 /* API.swift */,
				AC4BABC522276CB9004435F7 /* MapViewController.swift */,
			);
			path = MoviesLib;
			sourceTree = "<group>";
		};
/* End PBXGroup section */

/* Begin PBXNativeTarget section */
		AC0CCDEA22121FAB00670BB1 /* MoviesLib */ = {
			isa = PBXNativeTarget;
			buildConfigurationList = AC0CCDFD22121FAC00670BB1 /* Build configuration list for PBXNativeTarget "MoviesLib" */;
			buildPhases = (
				AC0CCDE722121FAB00670BB1 /* Sources */,
				AC0CCDE822121FAB00670BB1 /* Frameworks */,
				AC0CCDE922121FAB00670BB1 /* Resources */,
			);
			buildRules = (
			);
			dependencies = (
			);
			name = MoviesLib;
			productName = MoviesLib;
			productReference = AC0CCDEB22121FAB00670BB1 /* MoviesLib.app */;
			productType = "com.apple.product-type.application";
		};
/* End PBXNativeTarget section */

/* Begin PBXProject section */
		AC0CCDE322121FAB00670BB1 /* Project object */ = {
			isa = PBXProject;
			attributes = {
				LastSwiftUpdateCheck = 1000;
				LastUpgradeCheck = 1000;
				ORGANIZATIONNAME = FIAP;
				TargetAttributes = {
					AC0CCDEA22121FAB00670BB1 = {
						CreatedOnToolsVersion = 10.0;
					};
				};
			};
			buildConfigurationList = AC0CCDE622121FAB00670BB1 /* Build configuration list for PBXProject "MoviesLib" */;
			compatibilityVersion = "Xcode 9.3";
			developmentRegion = en;
			hasScannedForEncodings = 0;
			knownRegions = (
				en,
				Base,
			);
			mainGroup = AC0CCDE222121FAB00670BB1;
			productRefGroup = AC0CCDEC22121FAB00670BB1 /* Products */;
			projectDirPath = "";
			projectRoot = "";
			targets = (
				AC0CCDEA22121FAB00670BB1 /* MoviesLib */,
			);
		};
/* End PBXProject section */

/* Begin PBXResourcesBuildPhase section */
		AC0CCDE922121FAB00670BB1 /* Resources */ = {
			isa = PBXResourcesBuildPhase;
			buildActionMask = 2147483647;
			files = (
				AC0CCDF922121FAC00670BB1 /* LaunchScreen.storyboard in Resources */,
				AC0CCDF622121FAC00670BB1 /* Assets.xcassets in Resources */,
				AC4151602214C4C600E0D007 /* movies.json in Resources */,
				AC0CCDF422121FAB00670BB1 /* Main.storyboard in Resources */,
			);
			runOnlyForDeploymentPostprocessing = 0;
		};
/* End PBXResourcesBuildPhase section */

/* Begin PBXSourcesBuildPhase section */
		AC0CCDE722121FAB00670BB1 /* Sources */ = {
			isa = PBXSourcesBuildPhase;
			buildActionMask = 2147483647;
			files = (
				ACC42612221B8EB2001371F3 /* MovieRegisterViewController.swift in Sources */,
				ACB90E7F2214F65700FF7EB4 /* MovieTableViewCell.swift in Sources */,
				ACB90E7D2214E8BF00FF7EB4 /* MoviesTableViewController.swift in Sources */,
				AC4BABC622276CB9004435F7 /* MapViewController.swift in Sources */,
				ACC4260E221B84BB001371F3 /* MoviesLib.xcdatamodeld in Sources */,
				AC0CCDF122121FAB00670BB1 /* MovieViewController.swift in Sources */,
				ACC42610221B8B63001371F3 /* UIViewController+CoreData.swift in Sources */,
				AC0CCDEF22121FAB00670BB1 /* AppDelegate.swift in Sources */,
				AC4BABC422276006004435F7 /* API.swift in Sources */,
				AC4151622214DB1700E0D007 /* Movie.swift in Sources */,
			);
			runOnlyForDeploymentPostprocessing = 0;
		};
/* End PBXSourcesBuildPhase section */

/* Begin PBXVariantGroup section */
		AC0CCDF222121FAB00670BB1 /* Main.storyboard */ = {
			isa = PBXVariantGroup;
			children = (
				AC0CCDF322121FAB00670BB1 /* Base */,
			);
			name = Main.storyboard;
			sourceTree = "<group>";
		};
		AC0CCDF722121FAC00670BB1 /* LaunchScreen.storyboard */ = {
			isa = PBXVariantGroup;
			children = (
				AC0CCDF822121FAC00670BB1 /* Base */,
			);
			name = LaunchScreen.storyboard;
			sourceTree = "<group>";
		};
/* End PBXVariantGroup section */

/* Begin XCBuildConfiguration section */
		AC0CCDFB22121FAC00670BB1 /* Debug */ = {
			isa = XCBuildConfiguration;
			buildSettings = {
				ALWAYS_SEARCH_USER_PATHS = NO;
				CLANG_ANALYZER_NONNULL = YES;
				CLANG_ANALYZER_NUMBER_OBJECT_CONVERSION = YES_AGGRESSIVE;
				CLANG_CXX_LANGUAGE_STANDARD = "gnu++14";
				CLANG_CXX_LIBRARY = "libc++";
				CLANG_ENABLE_MODULES = YES;
				CLANG_ENABLE_OBJC_ARC = YES;
				CLANG_ENABLE_OBJC_WEAK = YES;
				CLANG_WARN_BLOCK_CAPTURE_AUTORELEASING = YES;
				CLANG_WARN_BOOL_CONVERSION = YES;
				CLANG_WARN_COMMA = YES;
				CLANG_WARN_CONSTANT_CONVERSION = YES;
				CLANG_WARN_DEPRECATED_OBJC_IMPLEMENTATIONS = YES;
				CLANG_WARN_DIRECT_OBJC_ISA_USAGE = YES_ERROR;
				CLANG_WARN_DOCUMENTATION_COMMENTS = YES;
				CLANG_WARN_EMPTY_BODY = YES;
				CLANG_WARN_ENUM_CONVERSION = YES;
				CLANG_WARN_INFINITE_RECURSION = YES;
				CLANG_WARN_INT_CONVERSION = YES;
				CLANG_WARN_NON_LITERAL_NULL_CONVERSION = YES;
				CLANG_WARN_OBJC_IMPLICIT_RETAIN_SELF = YES;
				CLANG_WARN_OBJC_LITERAL_CONVERSION = YES;
				CLANG_WARN_OBJC_ROOT_CLASS = YES_ERROR;
				CLANG_WARN_RANGE_LOOP_ANALYSIS = YES;
				CLANG_WARN_STRICT_PROTOTYPES = YES;
				CLANG_WARN_SUSPICIOUS_MOVE = YES;
				CLANG_WARN_UNGUARDED_AVAILABILITY = YES_AGGRESSIVE;
				CLANG_WARN_UNREACHABLE_CODE = YES;
				CLANG_WARN__DUPLICATE_METHOD_MATCH = YES;
				CODE_SIGN_IDENTITY = "iPhone Developer";
				COPY_PHASE_STRIP = NO;
				DEBUG_INFORMATION_FORMAT = dwarf;
				ENABLE_STRICT_OBJC_MSGSEND = YES;
				ENABLE_TESTABILITY = YES;
				GCC_C_LANGUAGE_STANDARD = gnu11;
				GCC_DYNAMIC_NO_PIC = NO;
				GCC_NO_COMMON_BLOCKS = YES;
				GCC_OPTIMIZATION_LEVEL = 0;
				GCC_PREPROCESSOR_DEFINITIONS = (
					"DEBUG=1",
					"$(inherited)",
				);
				GCC_WARN_64_TO_32_BIT_CONVERSION = YES;
				GCC_WARN_ABOUT_RETURN_TYPE = YES_ERROR;
				GCC_WARN_UNDECLARED_SELECTOR = YES;
				GCC_WARN_UNINITIALIZED_AUTOS = YES_AGGRESSIVE;
				GCC_WARN_UNUSED_FUNCTION = YES;
				GCC_WARN_UNUSED_VARIABLE = YES;
				IPHONEOS_DEPLOYMENT_TARGET = 12.0;
				MTL_ENABLE_DEBUG_INFO = INCLUDE_SOURCE;
				MTL_FAST_MATH = YES;
				ONLY_ACTIVE_ARCH = YES;
				SDKROOT = iphoneos;
				SWIFT_ACTIVE_COMPILATION_CONDITIONS = DEBUG;
				SWIFT_OPTIMIZATION_LEVEL = "-Onone";
			};
			name = Debug;
		};
		AC0CCDFC22121FAC00670BB1 /* Release */ = {
			isa = XCBuildConfiguration;
			buildSettings = {
				ALWAYS_SEARCH_USER_PATHS = NO;
				CLANG_ANALYZER_NONNULL = YES;
				CLANG_ANALYZER_NUMBER_OBJECT_CONVERSION = YES_AGGRESSIVE;
				CLANG_CXX_LANGUAGE_STANDARD = "gnu++14";
				CLANG_CXX_LIBRARY = "libc++";
				CLANG_ENABLE_MODULES = YES;
				CLANG_ENABLE_OBJC_ARC = YES;
				CLANG_ENABLE_OBJC_WEAK = YES;
				CLANG_WARN_BLOCK_CAPTURE_AUTORELEASING = YES;
				CLANG_WARN_BOOL_CONVERSION = YES;
				CLANG_WARN_COMMA = YES;
				CLANG_WARN_CONSTANT_CONVERSION = YES;
				CLANG_WARN_DEPRECATED_OBJC_IMPLEMENTATIONS = YES;
				CLANG_WARN_DIRECT_OBJC_ISA_USAGE = YES_ERROR;
				CLANG_WARN_DOCUMENTATION_COMMENTS = YES;
				CLANG_WARN_EMPTY_BODY = YES;
				CLANG_WARN_ENUM_CONVERSION = YES;
				CLANG_WARN_INFINITE_RECURSION = YES;
				CLANG_WARN_INT_CONVERSION = YES;
				CLANG_WARN_NON_LITERAL_NULL_CONVERSION = YES;
				CLANG_WARN_OBJC_IMPLICIT_RETAIN_SELF = YES;
				CLANG_WARN_OBJC_LITERAL_CONVERSION = YES;
				CLANG_WARN_OBJC_ROOT_CLASS = YES_ERROR;
				CLANG_WARN_RANGE_LOOP_ANALYSIS = YES;
				CLANG_WARN_STRICT_PROTOTYPES = YES;
				CLANG_WARN_SUSPICIOUS_MOVE = YES;
				CLANG_WARN_UNGUARDED_AVAILABILITY = YES_AGGRESSIVE;
				CLANG_WARN_UNREACHABLE_CODE = YES;
				CLANG_WARN__DUPLICATE_METHOD_MATCH = YES;
				CODE_SIGN_IDENTITY = "iPhone Developer";
				COPY_PHASE_STRIP = NO;
				DEBUG_INFORMATION_FORMAT = "dwarf-with-dsym";
				ENABLE_NS_ASSERTIONS = NO;
				ENABLE_STRICT_OBJC_MSGSEND = YES;
				GCC_C_LANGUAGE_STANDARD = gnu11;
				GCC_NO_COMMON_BLOCKS = YES;
				GCC_WARN_64_TO_32_BIT_CONVERSION = YES;
				GCC_WARN_ABOUT_RETURN_TYPE = YES_ERROR;
				GCC_WARN_UNDECLARED_SELECTOR = YES;
				GCC_WARN_UNINITIALIZED_AUTOS = YES_AGGRESSIVE;
				GCC_WARN_UNUSED_FUNCTION = YES;
				GCC_WARN_UNUSED_VARIABLE = YES;
				IPHONEOS_DEPLOYMENT_TARGET = 12.0;
				MTL_ENABLE_DEBUG_INFO = NO;
				MTL_FAST_MATH = YES;
				SDKROOT = iphoneos;
				SWIFT_COMPILATION_MODE = wholemodule;
				SWIFT_OPTIMIZATION_LEVEL = "-O";
				VALIDATE_PRODUCT = YES;
			};
			name = Release;
		};
		AC0CCDFE22121FAC00670BB1 /* Debug */ = {
			isa = XCBuildConfiguration;
			buildSettings = {
				ASSETCATALOG_COMPILER_APPICON_NAME = AppIcon;
				CODE_SIGN_STYLE = Automatic;
				INFOPLIST_FILE = MoviesLib/Info.plist;
				LD_RUNPATH_SEARCH_PATHS = (
					"$(inherited)",
					"@executable_path/Frameworks",
				);
				PRODUCT_BUNDLE_IDENTIFIER = br.com.fiap.MoviesLib;
				PRODUCT_NAME = "$(TARGET_NAME)";
				SWIFT_VERSION = 4.2;
				TARGETED_DEVICE_FAMILY = "1,2";
			};
			name = Debug;
		};
		AC0CCDFF22121FAC00670BB1 /* Release */ = {
			isa = XCBuildConfiguration;
			buildSettings = {
				ASSETCATALOG_COMPILER_APPICON_NAME = AppIcon;
				CODE_SIGN_STYLE = Automatic;
				INFOPLIST_FILE = MoviesLib/Info.plist;
				LD_RUNPATH_SEARCH_PATHS = (
					"$(inherited)",
					"@executable_path/Frameworks",
				);
				PRODUCT_BUNDLE_IDENTIFIER = br.com.fiap.MoviesLib;
				PRODUCT_NAME = "$(TARGET_NAME)";
				SWIFT_VERSION = 4.2;
				TARGETED_DEVICE_FAMILY = "1,2";
			};
			name = Release;
		};
/* End XCBuildConfiguration section */

/* Begin XCConfigurationList section */
		AC0CCDE622121FAB00670BB1 /* Build configuration list for PBXProject "MoviesLib" */ = {
			isa = XCConfigurationList;
			buildConfigurations = (
				AC0CCDFB22121FAC00670BB1 /* Debug */,
				AC0CCDFC22121FAC00670BB1 /* Release */,
			);
			defaultConfigurationIsVisible = 0;
			defaultConfigurationName = Release;
		};
		AC0CCDFD22121FAC00670BB1 /* Build configuration list for PBXNativeTarget "MoviesLib" */ = {
			isa = XCConfigurationList;
			buildConfigurations = (
				AC0CCDFE22121FAC00670BB1 /* Debug */,
				AC0CCDFF22121FAC00670BB1 /* Release */,
			);
			defaultConfigurationIsVisible = 0;
			defaultConfigurationName = Release;
		};
/* End XCConfigurationList section */

/* Begin XCVersionGroup section */
		ACC4260C221B84BB001371F3 /* MoviesLib.xcdatamodeld */ = {
			isa = XCVersionGroup;
			children = (
				ACC4260D221B84BB001371F3 /* MoviesLib.xcdatamodel */,
			);
			currentVersion = ACC4260D221B84BB001371F3 /* MoviesLib.xcdatamodel */;
			path = MoviesLib.xcdatamodeld;
			sourceTree = "<group>";
			versionGroupType = wrapper.xcdatamodel;
		};
/* End XCVersionGroup section */
	};
	rootObject = AC0CCDE322121FAB00670BB1 /* Project object */;
}
